
Microsoft Visual Studio Solution File, Format Version 12.00
# Visual Studio Version 17
VisualStudioVersion = 17.7.34031.279
MinimumVisualStudioVersion = 10.0.40219.1
Project("{FAE04EC0-301F-11D3-BF4B-00C04F79EFBC}") = "Entities", "Entities\Entities.csproj", "{5A1D828C-7F74-4CDC-B944-0F9A5B7D752F}"
EndProject
Project("{FAE04EC0-301F-11D3-BF4B-00C04F79EFBC}") = "DataAccess", "DataAccess\DataAccess.csproj", "{5B339CA4-7202-4E83-BE19-A4C7CEEEEEF6}"
EndProject
Project("{FAE04EC0-301F-11D3-BF4B-00C04F79EFBC}") = "Business", "Business\Business.csproj", "{849B382C-E56A-45B4-972F-9EB9139835C5}"
EndProject
Project("{FAE04EC0-301F-11D3-BF4B-00C04F79EFBC}") = "ConsoleUI", "ConsoleUI\ConsoleUI.csproj", "{19CDDBD8-7602-414F-B0ED-91DAF113836A}"
EndProject
Global
	GlobalSection(SolutionConfigurationPlatforms) = preSolution
		Debug|Any CPU = Debug|Any CPU
		Release|Any CPU = Release|Any CPU
	EndGlobalSection
	GlobalSection(ProjectConfigurationPlatforms) = postSolution
		{5A1D828C-7F74-4CDC-B944-0F9A5B7D752F}.Debug|Any CPU.ActiveCfg = Debug|Any CPU
		{5A1D828C-7F74-4CDC-B944-0F9A5B7D752F}.Debug|Any CPU.Build.0 = Debug|Any CPU
		{5A1D828C-7F74-4CDC-B944-0F9A5B7D752F}.Release|Any CPU.ActiveCfg = Release|Any CPU
		{5A1D828C-7F74-4CDC-B944-0F9A5B7D752F}.Release|Any CPU.Build.0 = Release|Any CPU
		{5B339CA4-7202-4E83-BE19-A4C7CEEEEEF6}.Debug|Any CPU.ActiveCfg = Debug|Any CPU
		{5B339CA4-7202-4E83-BE19-A4C7CEEEEEF6}.Debug|Any CPU.Build.0 = Debug|Any CPU
		{5B339CA4-7202-4E83-BE19-A4C7CEEEEEF6}.Release|Any CPU.ActiveCfg = Release|Any CPU
		{5B339CA4-7202-4E83-BE19-A4C7CEEEEEF6}.Release|Any CPU.Build.0 = Release|Any CPU
		{849B382C-E56A-45B4-972F-9EB9139835C5}.Debug|Any CPU.ActiveCfg = Debug|Any CPU
		{849B382C-E56A-45B4-972F-9EB9139835C5}.Debug|Any CPU.Build.0 = Debug|Any CPU
		{849B382C-E56A-45B4-972F-9EB9139835C5}.Release|Any CPU.ActiveCfg = Release|Any CPU
		{849B382C-E56A-45B4-972F-9EB9139835C5}.Release|Any CPU.Build.0 = Release|Any CPU
		{19CDDBD8-7602-414F-B0ED-91DAF113836A}.Debug|Any CPU.ActiveCfg = Debug|Any CPU
		{19CDDBD8-7602-414F-B0ED-91DAF113836A}.Debug|Any CPU.Build.0 = Debug|Any CPU
		{19CDDBD8-7602-414F-B0ED-91DAF113836A}.Release|Any CPU.ActiveCfg = Release|Any CPU
		{19CDDBD8-7602-414F-B0ED-91DAF113836A}.Release|Any CPU.Build.0 = Release|Any CPU
	EndGlobalSection
	GlobalSection(SolutionProperties) = preSolution
		HideSolutionNode = FALSE
	EndGlobalSection
	GlobalSection(ExtensibilityGlobals) = postSolution
		SolutionGuid = {A990697D-D3C2-4FE8-A16D-C9EEFBBC29B6}
	EndGlobalSection
EndGlobal
